{
  "version": "5",
  "specifiers": {
    "npm:@js-temporal/polyfill@~0.5.1": "0.5.1",
    "npm:@types/leaflet.markercluster@^1.5.5": "1.5.5",
    "npm:@types/leaflet@^1.9.20": "1.9.20",
    "npm:fuse.js@^7.1.0": "7.1.0",
    "npm:leaflet.locatecontrol@~0.84.2": "0.84.2",
    "npm:leaflet.markercluster@^1.5.3": "1.5.3_leaflet@1.9.4",
    "npm:leaflet@^1.9.4": "1.9.4",
    "npm:openmeteo@^1.2.0": "1.2.0",
    "npm:zod-form-data@3": "3.0.1_zod@3.25.76",
    "npm:zod@^3.25.74": "3.25.76"
  },
  "npm": {
    "@js-temporal/polyfill@0.5.1": {
      "integrity": "sha512-hloP58zRVCRSpgDxmqCWJNlizAlUgJFqG2ypq79DCvyv9tHjRYMDOcPFjzfl/A1/YxDvRCZz8wvZvmapQnKwFQ==",
      "dependencies": [
        "jsbi"
      ]
    },
    "@openmeteo/sdk@1.20.1": {
      "integrity": "sha512-o5tw3+N617Ms8nDm649PWwWt6PDz8NHWBLjOOFB8bx/EJpvsvKEeHMMoapxQ71bjHzQM+4h39eCe6/nM+nBuwg==",
      "dependencies": [
        "flatbuffers"
      ]
    },
    "@rvf/set-get@7.0.1": {
      "integrity": "sha512-GkTSn9K1GrTYoTUqlUs36k6nJnzjQaFBTTEIqUYmzBcsGsoJM8xG7EAx2WLHWAA4QzFjcwWUSHQ3vM3Fbw50Tg=="
    },
    "@types/geojson@7946.0.16": {
      "integrity": "sha512-6C8nqWur3j98U6+lXDfTUWIfgvZU+EumvpHKcYjujKH7woYyLj2sUmff0tRhrqM7BohUw7Pz3ZB1jj2gW9Fvmg=="
    },
    "@types/leaflet.markercluster@1.5.5": {
      "integrity": "sha512-TkWOhSHDM1ANxmLi+uK0PjsVcjIKBr8CLV2WoF16dIdeFmC0Cj5P5axkI3C1Xsi4+ht6EU8+BfEbbqEF9icPrg==",
      "dependencies": [
        "@types/leaflet"
      ]
    },
    "@types/leaflet@1.9.20": {
      "integrity": "sha512-rooalPMlk61LCaLOvBF2VIf9M47HgMQqi5xQ9QRi7c8PkdIe0WrIi5IxXUXQjAdL0c+vcQ01mYWbthzmp9GHWw==",
      "dependencies": [
        "@types/geojson"
      ]
    },
    "flatbuffers@25.2.10": {
      "integrity": "sha512-7JlN9ZvLDG1McO3kbX0k4v+SUAg48L1rIwEvN6ZQl/eCtgJz9UylTMzE9wrmYrcorgxm3CX/3T/w5VAub99UUw=="
    },
    "fuse.js@7.1.0": {
      "integrity": "sha512-trLf4SzuuUxfusZADLINj+dE8clK1frKdmqiJNb1Es75fmI5oY6X2mxLVUciLLjxqw/xr72Dhy+lER6dGd02FQ=="
    },
    "jsbi@4.3.2": {
      "integrity": "sha512-9fqMSQbhJykSeii05nxKl4m6Eqn2P6rOlYiS+C5Dr/HPIU/7yZxu5qzbs40tgaFORiw2Amd0mirjxatXYMkIew=="
    },
    "leaflet.locatecontrol@0.84.2": {
      "integrity": "sha512-Tv0S2bAhpFgZYyyfPgeVhb3hPr9CnlcP15EpMQd9m5vA+aALhM6key1ucfnnD7n09AEeNEmIFe71T4V18Kpu7g=="
    },
    "leaflet.markercluster@1.5.3_leaflet@1.9.4": {
      "integrity": "sha512-vPTw/Bndq7eQHjLBVlWpnGeLa3t+3zGiuM7fJwCkiMFq+nmRuG3RI3f7f4N4TDX7T4NpbAXpR2+NTRSEGfCSeA==",
      "dependencies": [
        "leaflet"
      ]
    },
    "leaflet@1.9.4": {
      "integrity": "sha512-nxS1ynzJOmOlHp+iL3FyWqK89GtNL8U8rvlMOsQdTTssxZwCXh8N2NB3GDQOL+YR3XnWyZAxwQixURb+FA74PA=="
    },
    "openmeteo@1.2.0": {
      "integrity": "sha512-YinFo02TM4wXdm9o2FBAO2u1ka3drNdnFsGNskiO8aCWvZa6nljh3ioH79ipwPdFhCrIiq/LCfpjDGXqH2RBFw==",
      "dependencies": [
        "@openmeteo/sdk",
        "flatbuffers"
      ]
    },
    "zod-form-data@3.0.1_zod@3.25.76": {
      "integrity": "sha512-uwSrDzpLDoXeAxePjPHrjjMelE5pk5zL5JcwLFISvqidGjtPl7hcheH584xGcS76c9IRHq6tqdGkf+A4eKO6Cw==",
      "dependencies": [
        "@rvf/set-get",
        "zod"
      ]
    },
    "zod@3.25.76": {
      "integrity": "sha512-gzUt/qt81nXsFGKIFcC3YnfEAx5NkunCfnDlvuBSSFS02bcXu4Lmea0AFIUwbLWxWPx3d9p8S5QoaujKcNQxcQ=="
    }
  },
  "workspace": {
    "packageJson": {
      "dependencies": [
        "npm:@deno/vite-plugin@^1.0.4",
        "npm:@eslint/js@^9.34.0",
        "npm:@iconify/svelte@^5.0.1",
        "npm:@internationalized/date@^3.9.0",
        "npm:@js-temporal/polyfill@~0.5.1",
        "npm:@lucide/svelte@0.516",
        "npm:@sentry/sveltekit@^9.46.0",
        "npm:@supabase/ssr@~0.6.1",
        "npm:@supabase/supabase-js@^2.56.1",
        "npm:@svelte-put/cloudflare-turnstile@^1.1.2",
        "npm:@sveltejs/adapter-auto@^6.1.0",
        "npm:@sveltejs/enhanced-img@0.6",
        "npm:@sveltejs/kit@^2.37.0",
        "npm:@sveltejs/vite-plugin-svelte@^5.1.1",
        "npm:@tailwindcss/container-queries@~0.1.1",
        "npm:@tailwindcss/typography@~0.5.16",
        "npm:@types/leaflet.markercluster@^1.5.5",
        "npm:@types/leaflet@^1.9.20",
        "npm:@types/pg@^8.15.5",
        "npm:autoprefixer@^10.4.21",
        "npm:bits-ui@^2.9.5",
        "npm:clsx@^2.1.1",
        "npm:dotenv@^16.6.1",
        "npm:drizzle-kit@~0.31.4",
        "npm:drizzle-orm@~0.44.5",
        "npm:eslint-plugin-svelte@^3.11.0",
        "npm:eslint@^9.34.0",
        "npm:exceljs@^4.4.0",
        "npm:fuse.js@^7.1.0",
        "npm:globals@^16.3.0",
        "npm:ioredis@^5.7.0",
        "npm:jiti@^2.5.1",
        "npm:leaflet.locatecontrol@~0.84.2",
        "npm:leaflet.markercluster@^1.5.3",
        "npm:leaflet@^1.9.4",
        "npm:lucide-svelte@0.516",
        "npm:mode-watcher@0.5",
        "npm:motion@^12.23.12",
        "npm:officecrypto-tool@^0.0.18",
        "npm:openmeteo@^1.2.0",
        "npm:postcss@^8.5.6",
        "npm:postgres@^3.4.7",
        "npm:svelte-check@^4.3.1",
        "npm:svelte-motion@~0.12.2",
        "npm:svelte@^5.38.6",
        "npm:tailwind-merge@^2.5.5",
        "npm:tailwind-variants@~0.2.1",
        "npm:tailwindcss@^3.4.16",
        "npm:typescript-eslint@^8.35.1",
        "npm:typescript@^5.8.2",
        "npm:vaul-svelte@1.0.0-next.7",
        "npm:vite@^7.0.2",
        "npm:xlsx@~0.18.5",
        "npm:zod-form-data@3",
        "npm:zod@^3.25.74"
      ]
    }
  }
}
